
Microsoft Visual Studio Solution File, Format Version 12.00
# Visual Studio Version 17
VisualStudioVersion = 17.14.36518.9 d17.14
MinimumVisualStudioVersion = 10.0.40219.1
Project("{FAE04EC0-301F-11D3-BF4B-00C04F79EFBC}") = "blinkin", "blinkin.csproj", "{79D7E250-A386-44B4-A9E1-F0A737EE8A64}"
EndProject
Global
	GlobalSection(SolutionConfigurationPlatforms) = preSolution
		Debug|Any CPU = Debug|Any CPU
		Release|Any CPU = Release|Any CPU
	EndGlobalSection
	GlobalSection(ProjectConfigurationPlatforms) = postSolution
		{79D7E250-A386-44B4-A9E1-F0A737EE8A64}.Debug|Any CPU.ActiveCfg = Debug|Any CPU
		{79D7E250-A386-44B4-A9E1-F0A737EE8A64}.Debug|Any CPU.Build.0 = Debug|Any CPU
		{79D7E250-A386-44B4-A9E1-F0A737EE8A64}.Release|Any CPU.ActiveCfg = Release|Any CPU
		{79D7E250-A386-44B4-A9E1-F0A737EE8A64}.Release|Any CPU.Build.0 = Release|Any CPU
	EndGlobalSection
	GlobalSection(SolutionProperties) = preSolution
		HideSolutionNode = FALSE
	EndGlobalSection
	GlobalSection(ExtensibilityGlobals) = postSolution
		SolutionGuid = {C853BBF4-E755-4C6B-A91C-B28946B56810}
	EndGlobalSection
EndGlobal
